<?xml version="1.0" encoding="utf-8"?>
<Project ToolsVersion="4.0" xmlns="http://schemas.microsoft.com/developer/msbuild/2003">
  <ItemGroup>
    <Filter Include="Source Files">
      <UniqueIdentifier>{4FC737F1-C7A5-4376-A066-2A32D752A2FF}</UniqueIdentifier>
      <Extensions>cpp;c;cc;cxx;c++;cppm;ixx;def;odl;idl;hpj;bat;asm;asmx</Extensions>
    </Filter>
    <Filter Include="Header Files">
      <UniqueIdentifier>{93995380-89BD-4b04-88EB-625FBE52EBFB}</UniqueIdentifier>
      <Extensions>h;hh;hpp;hxx;h++;hm;inl;inc;ipp;xsd</Extensions>
    </Filter>
    <Filter Include="Resource Files">
      <UniqueIdentifier>{67DA6AB6-F800-4c08-8B7A-83BB121AAD01}</UniqueIdentifier>
      <Extensions>rc;ico;cur;bmp;dlg;rc2;rct;bin;rgs;gif;jpg;jpeg;jpe;resx;tiff;tif;png;wav;mfcribbon-ms</Extensions>
    </Filter>
    <Filter Include="Resource Files\Icons">
      <UniqueIdentifier>{aee5f18e-3153-49e8-800c-f5ee99b2b65d}</UniqueIdentifier>
    </Filter>
    <Filter Include="Assemblers">
      <UniqueIdentifier>{2b061afc-b160-4f5d-81c3-17f437bdc458}</UniqueIdentifier>
    </Filter>
    <Filter Include="Helpers">
      <UniqueIdentifier>{fc3ea39a-7767-4f76-9944-26f6cb5b1965}</UniqueIdentifier>
    </Filter>
    <Filter Include="Disassemblers">
      <UniqueIdentifier>{d0e62e76-1419-4712-ae1a-3061b788c939}</UniqueIdentifier>
    </Filter>
  </ItemGroup>
  <ItemGroup>
    <ClInclude Include="targetver.h">
      <Filter>Header Files</Filter>
    </ClInclude>
    <ClInclude Include="App.h">
      <Filter>Header Files</Filter>
    </ClInclude>
    <ClInclude Include="pch.h">
      <Filter>Header Files</Filter>
    </ClInclude>
    <ClInclude Include="MainFrame.h">
      <Filter>Header Files</Filter>
    </ClInclude>
    <ClInclude Include="AssemblyEditCtrl.h">
      <Filter>Header Files</Filter>
    </ClInclude>
    <ClInclude Include="LocalArtProvider.h">
      <Filter>Header Files</Filter>
    </ClInclude>
    <ClInclude Include="AssemblerBase.h">
      <Filter>Assemblers</Filter>
    </ClInclude>
    <ClInclude Include="KeystoneAssembler.h">
      <Filter>Assemblers</Filter>
    </ClInclude>
    <ClInclude Include="NasmAssembler.h">
      <Filter>Assemblers</Filter>
    </ClInclude>
    <ClInclude Include="Helpers.h">
      <Filter>Helpers</Filter>
    </ClInclude>
    <ClInclude Include="resource.h">
      <Filter>Resource Files</Filter>
    </ClInclude>
    <ClInclude Include="CapstoneEngine.h">
      <Filter>Disassemblers</Filter>
    </ClInclude>
    <ClInclude Include="UnicornEngine.h">
      <Filter>Header Files</Filter>
    </ClInclude>
    <ClInclude Include="RegisterInfo.h">
      <Filter>Header Files</Filter>
    </ClInclude>
  </ItemGroup>
  <ItemGroup>
    <ClCompile Include="App.cpp">
      <Filter>Source Files</Filter>
    </ClCompile>
    <ClCompile Include="pch.cpp">
      <Filter>Source Files</Filter>
    </ClCompile>
    <ClCompile Include="MainFrame.cpp">
      <Filter>Source Files</Filter>
    </ClCompile>
    <ClCompile Include="AssemblyEditCtrl.cpp">
      <Filter>Source Files</Filter>
    </ClCompile>
    <ClCompile Include="LocalArtProvider.cpp">
      <Filter>Source Files</Filter>
    </ClCompile>
    <ClCompile Include="AssemblerBase.cpp">
      <Filter>Assemblers</Filter>
    </ClCompile>
    <ClCompile Include="KeystoneAssembler.cpp">
      <Filter>Assemblers</Filter>
    </ClCompile>
    <ClCompile Include="NasmAssembler.cpp">
      <Filter>Assemblers</Filter>
    </ClCompile>
    <ClCompile Include="Helpers.cpp">
      <Filter>Helpers</Filter>
    </ClCompile>
    <ClCompile Include="CapstoneEngine.cpp">
      <Filter>Disassemblers</Filter>
    </ClCompile>
    <ClCompile Include="UnicornEngine.cpp">
      <Filter>Source Files</Filter>
    </ClCompile>
    <ClCompile Include="RegisterInfo.cpp">
      <Filter>Source Files</Filter>
    </ClCompile>
  </ItemGroup>
  <ItemGroup>
    <ResourceCompile Include="wxWidgetsApp.rc">
      <Filter>Resource Files</Filter>
    </ResourceCompile>
  </ItemGroup>
  <ItemGroup>
    <Image Include="App.ico">
      <Filter>Resource Files\Icons</Filter>
    </Image>
    <Image Include="Icons\8.ico">
      <Filter>Resource Files\Icons</Filter>
    </Image>
    <Image Include="Icons\16bit.ico">
      <Filter>Resource Files\Icons</Filter>
    </Image>
    <Image Include="Icons\32bit.ico">
      <Filter>Resource Files\Icons</Filter>
    </Image>
    <Image Include="Icons\64bit.ico">
      <Filter>Resource Files\Icons</Filter>
    </Image>
    <Image Include="Icons\asm.ico">
      <Filter>Resource Files\Icons</Filter>
    </Image>
    <Image Include="Icons\AsmStudio.ico">
      <Filter>Resource Files\Icons</Filter>
    </Image>
    <Image Include="Icons\build.ico">
      <Filter>Resource Files\Icons</Filter>
    </Image>
    <Image Include="Icons\binary.ico">
      <Filter>Resource Files\Icons</Filter>
    </Image>
    <Image Include="Icons\copy.ico">
      <Filter>Resource Files\Icons</Filter>
    </Image>
    <Image Include="Icons\cut.ico">
      <Filter>Resource Files\Icons</Filter>
    </Image>
    <Image Include="Icons\open.ico">
      <Filter>Resource Files\Icons</Filter>
    </Image>
    <Image Include="Icons\paste.ico">
      <Filter>Resource Files\Icons</Filter>
    </Image>
    <Image Include="Icons\redo.ico">
      <Filter>Resource Files\Icons</Filter>
    </Image>
    <Image Include="Icons\save.ico">
      <Filter>Resource Files\Icons</Filter>
    </Image>
    <Image Include="Icons\save_as.ico">
      <Filter>Resource Files\Icons</Filter>
    </Image>
    <Image Include="Icons\undo.ico">
      <Filter>Resource Files\Icons</Filter>
    </Image>
  </ItemGroup>
</Project>